
Microsoft Visual Studio Solution File, Format Version 12.00
# Visual Studio Version 16
VisualStudioVersion = 16.0.29424.173
MinimumVisualStudioVersion = 10.0.40219.1
Project("{FAE04EC0-301F-11D3-BF4B-00C04F79EFBC}") = "encodingresponses", "encodingresponses\encodingresponses.csproj", "{74244A18-2A68-4D23-B387-3C7DBD602E29}"
EndProject
Global
	GlobalSection(SolutionConfigurationPlatforms) = preSolution
		Debug|Any CPU = Debug|Any CPU
		Release|Any CPU = Release|Any CPU
	EndGlobalSection
	GlobalSection(ProjectConfigurationPlatforms) = postSolution
		{74244A18-2A68-4D23-B387-3C7DBD602E29}.Debug|Any CPU.ActiveCfg = Debug|Any CPU
		{74244A18-2A68-4D23-B387-3C7DBD602E29}.Debug|Any CPU.Build.0 = Debug|Any CPU
		{74244A18-2A68-4D23-B387-3C7DBD602E29}.Release|Any CPU.ActiveCfg = Release|Any CPU
		{74244A18-2A68-4D23-B387-3C7DBD602E29}.Release|Any CPU.Build.0 = Release|Any CPU
	EndGlobalSection
	GlobalSection(SolutionProperties) = preSolution
		HideSolutionNode = FALSE
	EndGlobalSection
	GlobalSection(ExtensibilityGlobals) = postSolution
		SolutionGuid = {487A0C9F-A759-484E-9587-B37584CDF2DB}
	EndGlobalSection
EndGlobal
