
Microsoft Visual Studio Solution File, Format Version 12.00
# Visual Studio Version 16
VisualStudioVersion = 16.0.29424.173
MinimumVisualStudioVersion = 10.0.40219.1
Project("{FAE04EC0-301F-11D3-BF4B-00C04F79EFBC}") = "WebApplication1", "WebApplication1\WebApplication1.csproj", "{5233B977-403F-40D1-A664-C4A8AFBC6B84}"
EndProject
Global
	GlobalSection(SolutionConfigurationPlatforms) = preSolution
		Debug|Any CPU = Debug|Any CPU
		Release|Any CPU = Release|Any CPU
	EndGlobalSection
	GlobalSection(ProjectConfigurationPlatforms) = postSolution
		{5233B977-403F-40D1-A664-C4A8AFBC6B84}.Debug|Any CPU.ActiveCfg = Debug|Any CPU
		{5233B977-403F-40D1-A664-C4A8AFBC6B84}.Debug|Any CPU.Build.0 = Debug|Any CPU
		{5233B977-403F-40D1-A664-C4A8AFBC6B84}.Release|Any CPU.ActiveCfg = Release|Any CPU
		{5233B977-403F-40D1-A664-C4A8AFBC6B84}.Release|Any CPU.Build.0 = Release|Any CPU
	EndGlobalSection
	GlobalSection(SolutionProperties) = preSolution
		HideSolutionNode = FALSE
	EndGlobalSection
	GlobalSection(ExtensibilityGlobals) = postSolution
		SolutionGuid = {C74E615C-665D-4CF6-B01A-BAA79D176926}
	EndGlobalSection
EndGlobal
